// !$*UTF8*$!
{
	archiveVersion = 1;
	classes = {
	};
	objectVersion = 48;
	objects = {

/* Begin PBXBuildFile section */
		7851C2ED2065FE56006C6655 /* MSHCollectionViewCell.m in Sources */ = {isa = PBXBuildFile; fileRef = 7851C2EB2065FE56006C6655 /* MSHCollectionViewCell.m */; };
		7851C2EE2065FE56006C6655 /* MSHCollectionViewCell.xib in Resources */ = {isa = PBXBuildFile; fileRef = 7851C2EC2065FE56006C6655 /* MSHCollectionViewCell.xib */; };
		7851C2FA20663AE9006C6655 /* MSHDetailController.m in Sources */ = {isa = PBXBuildFile; fileRef = 7851C2F920663AE9006C6655 /* MSHDetailController.m */; };
		7851C2FD20663BBB006C6655 /* MSHDetailHeaderView.m in Sources */ = {isa = PBXBuildFile; fileRef = 7851C2FC20663BBB006C6655 /* MSHDetailHeaderView.m */; };
		7851C304206643F4006C6655 /* MSHUtils.m in Sources */ = {isa = PBXBuildFile; fileRef = 7851C303206643F4006C6655 /* MSHUtils.m */; };
		7851C30720668ACD006C6655 /* MSHLoadingView.m in Sources */ = {isa = PBXBuildFile; fileRef = 7851C30620668ACD006C6655 /* MSHLoadingView.m */; };
		7851C30A2066937C006C6655 /* MSHBaseViewController.m in Sources */ = {isa = PBXBuildFile; fileRef = 7851C3092066937C006C6655 /* MSHBaseViewController.m */; };
		7851C30D206696C3006C6655 /* MSHHomepagePresenter.m in Sources */ = {isa = PBXBuildFile; fileRef = 7851C30C206696C3006C6655 /* MSHHomepagePresenter.m */; };
		7851C3112066B523006C6655 /* MSHSearchView.m in Sources */ = {isa = PBXBuildFile; fileRef = 7851C3102066B523006C6655 /* MSHSearchView.m */; };
		B3EB061A20633C91000F68AE /* AppDelegate.m in Sources */ = {isa = PBXBuildFile; fileRef = B3EB061920633C91000F68AE /* AppDelegate.m */; };
		B3EB061D20633C91000F68AE /* ViewController.m in Sources */ = {isa = PBXBuildFile; fileRef = B3EB061C20633C91000F68AE /* ViewController.m */; };
		B3EB062020633C91000F68AE /* Main.storyboard in Resources */ = {isa = PBXBuildFile; fileRef = B3EB061E20633C91000F68AE /* Main.storyboard */; };
		B3EB062220633C91000F68AE /* Assets.xcassets in Resources */ = {isa = PBXBuildFile; fileRef = B3EB062120633C91000F68AE /* Assets.xcassets */; };
		B3EB062520633C91000F68AE /* LaunchScreen.storyboard in Resources */ = {isa = PBXBuildFile; fileRef = B3EB062320633C91000F68AE /* LaunchScreen.storyboard */; };
		B3EB062820633C91000F68AE /* main.m in Sources */ = {isa = PBXBuildFile; fileRef = B3EB062720633C91000F68AE /* main.m */; };
		B3EB063320633EEC000F68AE /* MSHHttpSessionManager.m in Sources */ = {isa = PBXBuildFile; fileRef = B3EB063220633EEC000F68AE /* MSHHttpSessionManager.m */; };
		B3EB063B20636834000F68AE /* MSHHero.m in Sources */ = {isa = PBXBuildFile; fileRef = B3EB063A20636834000F68AE /* MSHHero.m */; };
		B3EB063E2063689E000F68AE /* MSHMarvelHeroService.m in Sources */ = {isa = PBXBuildFile; fileRef = B3EB063D2063689E000F68AE /* MSHMarvelHeroService.m */; };
		B3EB06412063F323000F68AE /* NSString+MD5.m in Sources */ = {isa = PBXBuildFile; fileRef = B3EB06402063F323000F68AE /* NSString+MD5.m */; };
		B3EB06442064A932000F68AE /* MSHModel.m in Sources */ = {isa = PBXBuildFile; fileRef = B3EB06432064A932000F68AE /* MSHModel.m */; };
		B3EB06472064D330000F68AE /* MSHThumbnail.m in Sources */ = {isa = PBXBuildFile; fileRef = B3EB06462064D330000F68AE /* MSHThumbnail.m */; };
		B3EB064A2064D6B5000F68AE /* MSHPageInfo.m in Sources */ = {isa = PBXBuildFile; fileRef = B3EB06492064D6B5000F68AE /* MSHPageInfo.m */; };
		B3EB064D2065E522000F68AE /* MSHEntity.m in Sources */ = {isa = PBXBuildFile; fileRef = B3EB064C2065E522000F68AE /* MSHEntity.m */; };
		B3EB06502065E8EB000F68AE /* MSHBaseHeroService.m in Sources */ = {isa = PBXBuildFile; fileRef = B3EB064F2065E8EB000F68AE /* MSHBaseHeroService.m */; };
		B3EB06542065FB7F000F68AE /* MSHImageCache.m in Sources */ = {isa = PBXBuildFile; fileRef = B3EB06532065FB7F000F68AE /* MSHImageCache.m */; };
		B3EB0657206611C5000F68AE /* MSHImageDownloadOperation.m in Sources */ = {isa = PBXBuildFile; fileRef = B3EB0656206611C5000F68AE /* MSHImageDownloadOperation.m */; };
		B3EB065D20662AD2000F68AE /* MSHImageDownloadManager.m in Sources */ = {isa = PBXBuildFile; fileRef = B3EB065C20662AD2000F68AE /* MSHImageDownloadManager.m */; };
		B3EB06602066799F000F68AE /* UIImageView+MSHCache.m in Sources */ = {isa = PBXBuildFile; fileRef = B3EB065F2066799F000F68AE /* UIImageView+MSHCache.m */; };
		B3EB066320668145000F68AE /* MSHImageManager.m in Sources */ = {isa = PBXBuildFile; fileRef = B3EB066220668145000F68AE /* MSHImageManager.m */; };
/* End PBXBuildFile section */

/* Begin PBXFileReference section */
		7851C2EA2065FE56006C6655 /* MSHCollectionViewCell.h */ = {isa = PBXFileReference; lastKnownFileType = sourcecode.c.h; path = MSHCollectionViewCell.h; sourceTree = "<group>"; };
		7851C2EB2065FE56006C6655 /* MSHCollectionViewCell.m */ = {isa = PBXFileReference; lastKnownFileType = sourcecode.c.objc; path = MSHCollectionViewCell.m; sourceTree = "<group>"; };
		7851C2EC2065FE56006C6655 /* MSHCollectionViewCell.xib */ = {isa = PBXFileReference; lastKnownFileType = file.xib; path = MSHCollectionViewCell.xib; sourceTree = "<group>"; };
		7851C2F62066047D006C6655 /* MSHMacros.h */ = {isa = PBXFileReference; lastKnownFileType = sourcecode.c.h; path = MSHMacros.h; sourceTree = "<group>"; };
		7851C2F720660600006C6655 /* MSHPrefixHeader.pch */ = {isa = PBXFileReference; lastKnownFileType = sourcecode.c.h; path = MSHPrefixHeader.pch; sourceTree = "<group>"; };
		7851C2F820663AE8006C6655 /* MSHDetailController.h */ = {isa = PBXFileReference; lastKnownFileType = sourcecode.c.h; path = MSHDetailController.h; sourceTree = "<group>"; };
		7851C2F920663AE9006C6655 /* MSHDetailController.m */ = {isa = PBXFileReference; lastKnownFileType = sourcecode.c.objc; path = MSHDetailController.m; sourceTree = "<group>"; };
		7851C2FB20663BBA006C6655 /* MSHDetailHeaderView.h */ = {isa = PBXFileReference; lastKnownFileType = sourcecode.c.h; path = MSHDetailHeaderView.h; sourceTree = "<group>"; };
		7851C2FC20663BBB006C6655 /* MSHDetailHeaderView.m */ = {isa = PBXFileReference; lastKnownFileType = sourcecode.c.objc; path = MSHDetailHeaderView.m; sourceTree = "<group>"; };
		7851C302206643F4006C6655 /* MSHUtils.h */ = {isa = PBXFileReference; lastKnownFileType = sourcecode.c.h; path = MSHUtils.h; sourceTree = "<group>"; };
		7851C303206643F4006C6655 /* MSHUtils.m */ = {isa = PBXFileReference; lastKnownFileType = sourcecode.c.objc; path = MSHUtils.m; sourceTree = "<group>"; };
		7851C30520668ACD006C6655 /* MSHLoadingView.h */ = {isa = PBXFileReference; lastKnownFileType = sourcecode.c.h; path = MSHLoadingView.h; sourceTree = "<group>"; };
		7851C30620668ACD006C6655 /* MSHLoadingView.m */ = {isa = PBXFileReference; lastKnownFileType = sourcecode.c.objc; path = MSHLoadingView.m; sourceTree = "<group>"; };
		7851C3082066937C006C6655 /* MSHBaseViewController.h */ = {isa = PBXFileReference; lastKnownFileType = sourcecode.c.h; path = MSHBaseViewController.h; sourceTree = "<group>"; };
		7851C3092066937C006C6655 /* MSHBaseViewController.m */ = {isa = PBXFileReference; lastKnownFileType = sourcecode.c.objc; path = MSHBaseViewController.m; sourceTree = "<group>"; };
		7851C30B206696C3006C6655 /* MSHHomepagePresenter.h */ = {isa = PBXFileReference; lastKnownFileType = sourcecode.c.h; path = MSHHomepagePresenter.h; sourceTree = "<group>"; };
		7851C30C206696C3006C6655 /* MSHHomepagePresenter.m */ = {isa = PBXFileReference; lastKnownFileType = sourcecode.c.objc; path = MSHHomepagePresenter.m; sourceTree = "<group>"; };
		7851C30E206696D8006C6655 /* MSHHomepageProtocol.h */ = {isa = PBXFileReference; lastKnownFileType = sourcecode.c.h; path = MSHHomepageProtocol.h; sourceTree = "<group>"; };
		7851C30F2066B522006C6655 /* MSHSearchView.h */ = {isa = PBXFileReference; lastKnownFileType = sourcecode.c.h; path = MSHSearchView.h; sourceTree = "<group>"; };
		7851C3102066B523006C6655 /* MSHSearchView.m */ = {isa = PBXFileReference; lastKnownFileType = sourcecode.c.objc; path = MSHSearchView.m; sourceTree = "<group>"; };
		B3EB061520633C91000F68AE /* MarvelHeroes.app */ = {isa = PBXFileReference; explicitFileType = wrapper.application; includeInIndex = 0; path = MarvelHeroes.app; sourceTree = BUILT_PRODUCTS_DIR; };
		B3EB061820633C91000F68AE /* AppDelegate.h */ = {isa = PBXFileReference; lastKnownFileType = sourcecode.c.h; path = AppDelegate.h; sourceTree = "<group>"; };
		B3EB061920633C91000F68AE /* AppDelegate.m */ = {isa = PBXFileReference; lastKnownFileType = sourcecode.c.objc; path = AppDelegate.m; sourceTree = "<group>"; };
		B3EB061B20633C91000F68AE /* ViewController.h */ = {isa = PBXFileReference; lastKnownFileType = sourcecode.c.h; path = ViewController.h; sourceTree = "<group>"; };
		B3EB061C20633C91000F68AE /* ViewController.m */ = {isa = PBXFileReference; lastKnownFileType = sourcecode.c.objc; path = ViewController.m; sourceTree = "<group>"; };
		B3EB061F20633C91000F68AE /* Base */ = {isa = PBXFileReference; lastKnownFileType = file.storyboard; name = Base; path = Base.lproj/Main.storyboard; sourceTree = "<group>"; };
		B3EB062120633C91000F68AE /* Assets.xcassets */ = {isa = PBXFileReference; lastKnownFileType = folder.assetcatalog; path = Assets.xcassets; sourceTree = "<group>"; };
		B3EB062420633C91000F68AE /* Base */ = {isa = PBXFileReference; lastKnownFileType = file.storyboard; name = Base; path = Base.lproj/LaunchScreen.storyboard; sourceTree = "<group>"; };
		B3EB062620633C91000F68AE /* Info.plist */ = {isa = PBXFileReference; lastKnownFileType = text.plist.xml; path = Info.plist; sourceTree = "<group>"; };
		B3EB062720633C91000F68AE /* main.m */ = {isa = PBXFileReference; lastKnownFileType = sourcecode.c.objc; path = main.m; sourceTree = "<group>"; };
		B3EB063120633EEC000F68AE /* MSHHttpSessionManager.h */ = {isa = PBXFileReference; lastKnownFileType = sourcecode.c.h; path = MSHHttpSessionManager.h; sourceTree = "<group>"; };
		B3EB063220633EEC000F68AE /* MSHHttpSessionManager.m */ = {isa = PBXFileReference; lastKnownFileType = sourcecode.c.objc; path = MSHHttpSessionManager.m; sourceTree = "<group>"; };
		B3EB0635206367E5000F68AE /* MSHHeroService.h */ = {isa = PBXFileReference; lastKnownFileType = sourcecode.c.h; path = MSHHeroService.h; sourceTree = "<group>"; };
		B3EB063920636834000F68AE /* MSHHero.h */ = {isa = PBXFileReference; lastKnownFileType = sourcecode.c.h; path = MSHHero.h; sourceTree = "<group>"; };
		B3EB063A20636834000F68AE /* MSHHero.m */ = {isa = PBXFileReference; lastKnownFileType = sourcecode.c.objc; path = MSHHero.m; sourceTree = "<group>"; };
		B3EB063C2063689E000F68AE /* MSHMarvelHeroService.h */ = {isa = PBXFileReference; lastKnownFileType = sourcecode.c.h; path = MSHMarvelHeroService.h; sourceTree = "<group>"; };
		B3EB063D2063689E000F68AE /* MSHMarvelHeroService.m */ = {isa = PBXFileReference; lastKnownFileType = sourcecode.c.objc; path = MSHMarvelHeroService.m; sourceTree = "<group>"; };
		B3EB063F2063F323000F68AE /* NSString+MD5.h */ = {isa = PBXFileReference; lastKnownFileType = sourcecode.c.h; path = "NSString+MD5.h"; sourceTree = "<group>"; };
		B3EB06402063F323000F68AE /* NSString+MD5.m */ = {isa = PBXFileReference; lastKnownFileType = sourcecode.c.objc; path = "NSString+MD5.m"; sourceTree = "<group>"; };
		B3EB06422064A932000F68AE /* MSHModel.h */ = {isa = PBXFileReference; lastKnownFileType = sourcecode.c.h; path = MSHModel.h; sourceTree = "<group>"; };
		B3EB06432064A932000F68AE /* MSHModel.m */ = {isa = PBXFileReference; lastKnownFileType = sourcecode.c.objc; path = MSHModel.m; sourceTree = "<group>"; };
		B3EB06452064D330000F68AE /* MSHThumbnail.h */ = {isa = PBXFileReference; lastKnownFileType = sourcecode.c.h; path = MSHThumbnail.h; sourceTree = "<group>"; };
		B3EB06462064D330000F68AE /* MSHThumbnail.m */ = {isa = PBXFileReference; lastKnownFileType = sourcecode.c.objc; path = MSHThumbnail.m; sourceTree = "<group>"; };
		B3EB06482064D6B5000F68AE /* MSHPageInfo.h */ = {isa = PBXFileReference; lastKnownFileType = sourcecode.c.h; path = MSHPageInfo.h; sourceTree = "<group>"; };
		B3EB06492064D6B5000F68AE /* MSHPageInfo.m */ = {isa = PBXFileReference; lastKnownFileType = sourcecode.c.objc; path = MSHPageInfo.m; sourceTree = "<group>"; };
		B3EB064B2065E522000F68AE /* MSHEntity.h */ = {isa = PBXFileReference; lastKnownFileType = sourcecode.c.h; path = MSHEntity.h; sourceTree = "<group>"; };
		B3EB064C2065E522000F68AE /* MSHEntity.m */ = {isa = PBXFileReference; lastKnownFileType = sourcecode.c.objc; path = MSHEntity.m; sourceTree = "<group>"; };
		B3EB064E2065E8EB000F68AE /* MSHBaseHeroService.h */ = {isa = PBXFileReference; lastKnownFileType = sourcecode.c.h; path = MSHBaseHeroService.h; sourceTree = "<group>"; };
		B3EB064F2065E8EB000F68AE /* MSHBaseHeroService.m */ = {isa = PBXFileReference; lastKnownFileType = sourcecode.c.objc; path = MSHBaseHeroService.m; sourceTree = "<group>"; };
		B3EB06522065FB7F000F68AE /* MSHImageCache.h */ = {isa = PBXFileReference; lastKnownFileType = sourcecode.c.h; path = MSHImageCache.h; sourceTree = "<group>"; };
		B3EB06532065FB7F000F68AE /* MSHImageCache.m */ = {isa = PBXFileReference; lastKnownFileType = sourcecode.c.objc; path = MSHImageCache.m; sourceTree = "<group>"; };
		B3EB0655206611C5000F68AE /* MSHImageDownloadOperation.h */ = {isa = PBXFileReference; lastKnownFileType = sourcecode.c.h; path = MSHImageDownloadOperation.h; sourceTree = "<group>"; };
		B3EB0656206611C5000F68AE /* MSHImageDownloadOperation.m */ = {isa = PBXFileReference; lastKnownFileType = sourcecode.c.objc; path = MSHImageDownloadOperation.m; sourceTree = "<group>"; };
		B3EB065B20662AD2000F68AE /* MSHImageDownloadManager.h */ = {isa = PBXFileReference; lastKnownFileType = sourcecode.c.h; path = MSHImageDownloadManager.h; sourceTree = "<group>"; };
		B3EB065C20662AD2000F68AE /* MSHImageDownloadManager.m */ = {isa = PBXFileReference; lastKnownFileType = sourcecode.c.objc; path = MSHImageDownloadManager.m; sourceTree = "<group>"; };
		B3EB065E2066799F000F68AE /* UIImageView+MSHCache.h */ = {isa = PBXFileReference; lastKnownFileType = sourcecode.c.h; path = "UIImageView+MSHCache.h"; sourceTree = "<group>"; };
		B3EB065F2066799F000F68AE /* UIImageView+MSHCache.m */ = {isa = PBXFileReference; lastKnownFileType = sourcecode.c.objc; path = "UIImageView+MSHCache.m"; sourceTree = "<group>"; };
		B3EB066120668145000F68AE /* MSHImageManager.h */ = {isa = PBXFileReference; lastKnownFileType = sourcecode.c.h; path = MSHImageManager.h; sourceTree = "<group>"; };
		B3EB066220668145000F68AE /* MSHImageManager.m */ = {isa = PBXFileReference; lastKnownFileType = sourcecode.c.objc; path = MSHImageManager.m; sourceTree = "<group>"; };
/* End PBXFileReference section */

/* Begin PBXFrameworksBuildPhase section */
		B3EB061220633C91000F68AE /* Frameworks */ = {
			isa = PBXFrameworksBuildPhase;
			buildActionMask = 2147483647;
			files = (
			);
			runOnlyForDeploymentPostprocessing = 0;
		};
/* End PBXFrameworksBuildPhase section */

/* Begin PBXGroup section */
		7851C2E82065FB97006C6655 /* viewControllers */ = {
			isa = PBXGroup;
			children = (
				7851C2F820663AE8006C6655 /* MSHDetailController.h */,
				7851C2F920663AE9006C6655 /* MSHDetailController.m */,
				7851C3082066937C006C6655 /* MSHBaseViewController.h */,
				7851C3092066937C006C6655 /* MSHBaseViewController.m */,
				7851C30B206696C3006C6655 /* MSHHomepagePresenter.h */,
				7851C30C206696C3006C6655 /* MSHHomepagePresenter.m */,
				7851C30E206696D8006C6655 /* MSHHomepageProtocol.h */,
			);
			path = viewControllers;
			sourceTree = "<group>";
		};
		7851C2E92065FDDE006C6655 /* views */ = {
			isa = PBXGroup;
			children = (
				7851C2EA2065FE56006C6655 /* MSHCollectionViewCell.h */,
				7851C2EB2065FE56006C6655 /* MSHCollectionViewCell.m */,
				7851C2EC2065FE56006C6655 /* MSHCollectionViewCell.xib */,
				7851C2FB20663BBA006C6655 /* MSHDetailHeaderView.h */,
				7851C2FC20663BBB006C6655 /* MSHDetailHeaderView.m */,
				7851C30520668ACD006C6655 /* MSHLoadingView.h */,
				7851C30620668ACD006C6655 /* MSHLoadingView.m */,
				7851C30F2066B522006C6655 /* MSHSearchView.h */,
				7851C3102066B523006C6655 /* MSHSearchView.m */,
			);
			path = views;
			sourceTree = "<group>";
		};
		7851C2F52066043B006C6655 /* utils */ = {
			isa = PBXGroup;
			children = (
				7851C2F62066047D006C6655 /* MSHMacros.h */,
				7851C302206643F4006C6655 /* MSHUtils.h */,
				7851C303206643F4006C6655 /* MSHUtils.m */,
			);
			path = utils;
			sourceTree = "<group>";
		};
		B3EB060C20633C91000F68AE = {
			isa = PBXGroup;
			children = (
				B3EB06512065FB59000F68AE /* Image */,
				7851C2F52066043B006C6655 /* utils */,
				7851C2E92065FDDE006C6655 /* views */,
				7851C2E82065FB97006C6655 /* viewControllers */,
				B3EB063F2063F323000F68AE /* NSString+MD5.h */,
				B3EB06402063F323000F68AE /* NSString+MD5.m */,
				B3EB063820636817000F68AE /* model */,
				B3EB063420636792000F68AE /* business */,
				B3EB063020633EBD000F68AE /* network */,
				B3EB061720633C91000F68AE /* MarvelHeroes */,
				B3EB061620633C91000F68AE /* Products */,
			);
			sourceTree = "<group>";
		};
		B3EB061620633C91000F68AE /* Products */ = {
			isa = PBXGroup;
			children = (
				B3EB061520633C91000F68AE /* MarvelHeroes.app */,
			);
			name = Products;
			sourceTree = "<group>";
		};
		B3EB061720633C91000F68AE /* MarvelHeroes */ = {
			isa = PBXGroup;
			children = (
				B3EB061820633C91000F68AE /* AppDelegate.h */,
				B3EB061920633C91000F68AE /* AppDelegate.m */,
				B3EB061B20633C91000F68AE /* ViewController.h */,
				B3EB061C20633C91000F68AE /* ViewController.m */,
				B3EB061E20633C91000F68AE /* Main.storyboard */,
				B3EB062120633C91000F68AE /* Assets.xcassets */,
				B3EB062320633C91000F68AE /* LaunchScreen.storyboard */,
				B3EB062620633C91000F68AE /* Info.plist */,
				B3EB062720633C91000F68AE /* main.m */,
				7851C2F720660600006C6655 /* MSHPrefixHeader.pch */,
			);
			path = MarvelHeroes;
			sourceTree = "<group>";
		};
		B3EB063020633EBD000F68AE /* network */ = {
			isa = PBXGroup;
			children = (
				B3EB063120633EEC000F68AE /* MSHHttpSessionManager.h */,
				B3EB063220633EEC000F68AE /* MSHHttpSessionManager.m */,
			);
			path = network;
			sourceTree = "<group>";
		};
		B3EB063420636792000F68AE /* business */ = {
			isa = PBXGroup;
			children = (
				B3EB0635206367E5000F68AE /* MSHHeroService.h */,
				B3EB063C2063689E000F68AE /* MSHMarvelHeroService.h */,
				B3EB063D2063689E000F68AE /* MSHMarvelHeroService.m */,
				B3EB064E2065E8EB000F68AE /* MSHBaseHeroService.h */,
				B3EB064F2065E8EB000F68AE /* MSHBaseHeroService.m */,
			);
			path = business;
			sourceTree = "<group>";
		};
		B3EB063820636817000F68AE /* model */ = {
			isa = PBXGroup;
			children = (
				B3EB063920636834000F68AE /* MSHHero.h */,
				B3EB063A20636834000F68AE /* MSHHero.m */,
				B3EB06422064A932000F68AE /* MSHModel.h */,
				B3EB06432064A932000F68AE /* MSHModel.m */,
				B3EB06452064D330000F68AE /* MSHThumbnail.h */,
				B3EB06462064D330000F68AE /* MSHThumbnail.m */,
				B3EB06482064D6B5000F68AE /* MSHPageInfo.h */,
				B3EB06492064D6B5000F68AE /* MSHPageInfo.m */,
				B3EB064B2065E522000F68AE /* MSHEntity.h */,
				B3EB064C2065E522000F68AE /* MSHEntity.m */,
			);
			path = model;
			sourceTree = "<group>";
		};
		B3EB06512065FB59000F68AE /* Image */ = {
			isa = PBXGroup;
			children = (
				B3EB06522065FB7F000F68AE /* MSHImageCache.h */,
				B3EB06532065FB7F000F68AE /* MSHImageCache.m */,
				B3EB0655206611C5000F68AE /* MSHImageDownloadOperation.h */,
				B3EB0656206611C5000F68AE /* MSHImageDownloadOperation.m */,
				B3EB065B20662AD2000F68AE /* MSHImageDownloadManager.h */,
				B3EB065C20662AD2000F68AE /* MSHImageDownloadManager.m */,
				B3EB065E2066799F000F68AE /* UIImageView+MSHCache.h */,
				B3EB065F2066799F000F68AE /* UIImageView+MSHCache.m */,
				B3EB066120668145000F68AE /* MSHImageManager.h */,
				B3EB066220668145000F68AE /* MSHImageManager.m */,
			);
			path = Image;
			sourceTree = "<group>";
		};
/* End PBXGroup section */

/* Begin PBXNativeTarget section */
		B3EB061420633C91000F68AE /* MarvelHeroes */ = {
			isa = PBXNativeTarget;
			buildConfigurationList = B3EB062B20633C91000F68AE /* Build configuration list for PBXNativeTarget "MarvelHeroes" */;
			buildPhases = (
				B3EB061120633C91000F68AE /* Sources */,
				B3EB061220633C91000F68AE /* Frameworks */,
				B3EB061320633C91000F68AE /* Resources */,
			);
			buildRules = (
			);
			dependencies = (
			);
			name = MarvelHeroes;
			productName = MarvelHeroes;
			productReference = B3EB061520633C91000F68AE /* MarvelHeroes.app */;
			productType = "com.apple.product-type.application";
		};
/* End PBXNativeTarget section */

/* Begin PBXProject section */
		B3EB060D20633C91000F68AE /* Project object */ = {
			isa = PBXProject;
			attributes = {
				CLASSPREFIX = MSH;
				LastUpgradeCheck = 0910;
				ORGANIZATIONNAME = leo;
				TargetAttributes = {
					B3EB061420633C91000F68AE = {
						CreatedOnToolsVersion = 9.1;
						ProvisioningStyle = Automatic;
					};
				};
			};
			buildConfigurationList = B3EB061020633C91000F68AE /* Build configuration list for PBXProject "MarvelHeroes" */;
			compatibilityVersion = "Xcode 8.0";
			developmentRegion = en;
			hasScannedForEncodings = 0;
			knownRegions = (
				en,
				Base,
			);
			mainGroup = B3EB060C20633C91000F68AE;
			productRefGroup = B3EB061620633C91000F68AE /* Products */;
			projectDirPath = "";
			projectRoot = "";
			targets = (
				B3EB061420633C91000F68AE /* MarvelHeroes */,
			);
		};
/* End PBXProject section */

/* Begin PBXResourcesBuildPhase section */
		B3EB061320633C91000F68AE /* Resources */ = {
			isa = PBXResourcesBuildPhase;
			buildActionMask = 2147483647;
			files = (
				B3EB062520633C91000F68AE /* LaunchScreen.storyboard in Resources */,
				7851C2EE2065FE56006C6655 /* MSHCollectionViewCell.xib in Resources */,
				B3EB062220633C91000F68AE /* Assets.xcassets in Resources */,
				B3EB062020633C91000F68AE /* Main.storyboard in Resources */,
			);
			runOnlyForDeploymentPostprocessing = 0;
		};
/* End PBXResourcesBuildPhase section */

/* Begin PBXSourcesBuildPhase section */
		B3EB061120633C91000F68AE /* Sources */ = {
			isa = PBXSourcesBuildPhase;
			buildActionMask = 2147483647;
			files = (
				B3EB061D20633C91000F68AE /* ViewController.m in Sources */,
				B3EB06502065E8EB000F68AE /* MSHBaseHeroService.m in Sources */,
				7851C3112066B523006C6655 /* MSHSearchView.m in Sources */,
				B3EB063320633EEC000F68AE /* MSHHttpSessionManager.m in Sources */,
				B3EB062820633C91000F68AE /* main.m in Sources */,
				B3EB06602066799F000F68AE /* UIImageView+MSHCache.m in Sources */,
				B3EB0657206611C5000F68AE /* MSHImageDownloadOperation.m in Sources */,
				B3EB066320668145000F68AE /* MSHImageManager.m in Sources */,
				7851C2ED2065FE56006C6655 /* MSHCollectionViewCell.m in Sources */,
				B3EB063B20636834000F68AE /* MSHHero.m in Sources */,
				B3EB06472064D330000F68AE /* MSHThumbnail.m in Sources */,
				7851C304206643F4006C6655 /* MSHUtils.m in Sources */,
				7851C30720668ACD006C6655 /* MSHLoadingView.m in Sources */,
				B3EB064D2065E522000F68AE /* MSHEntity.m in Sources */,
				7851C30A2066937C006C6655 /* MSHBaseViewController.m in Sources */,
				7851C2FA20663AE9006C6655 /* MSHDetailController.m in Sources */,
				B3EB061A20633C91000F68AE /* AppDelegate.m in Sources */,
				B3EB063E2063689E000F68AE /* MSHMarvelHeroService.m in Sources */,
				B3EB06442064A932000F68AE /* MSHModel.m in Sources */,
				B3EB065D20662AD2000F68AE /* MSHImageDownloadManager.m in Sources */,
				B3EB06542065FB7F000F68AE /* MSHImageCache.m in Sources */,
				B3EB06412063F323000F68AE /* NSString+MD5.m in Sources */,
				B3EB064A2064D6B5000F68AE /* MSHPageInfo.m in Sources */,
				7851C2FD20663BBB006C6655 /* MSHDetailHeaderView.m in Sources */,
				7851C30D206696C3006C6655 /* MSHHomepagePresenter.m in Sources */,
			);
			runOnlyForDeploymentPostprocessing = 0;
		};
/* End PBXSourcesBuildPhase section */

/* Begin PBXVariantGroup section */
		B3EB061E20633C91000F68AE /* Main.storyboard */ = {
			isa = PBXVariantGroup;
			children = (
				B3EB061F20633C91000F68AE /* Base */,
			);
			name = Main.storyboard;
			sourceTree = "<group>";
		};
		B3EB062320633C91000F68AE /* LaunchScreen.storyboard */ = {
			isa = PBXVariantGroup;
			children = (
				B3EB062420633C91000F68AE /* Base */,
			);
			name = LaunchScreen.storyboard;
			sourceTree = "<group>";
		};
/* End PBXVariantGroup section */

/* Begin XCBuildConfiguration section */
		B3EB062920633C91000F68AE /* Debug */ = {
			isa = XCBuildConfiguration;
			buildSettings = {
				ALWAYS_SEARCH_USER_PATHS = NO;
				CLANG_ANALYZER_NONNULL = YES;
				CLANG_ANALYZER_NUMBER_OBJECT_CONVERSION = YES_AGGRESSIVE;
				CLANG_CXX_LANGUAGE_STANDARD = "gnu++14";
				CLANG_CXX_LIBRARY = "libc++";
				CLANG_ENABLE_MODULES = YES;
				CLANG_ENABLE_OBJC_ARC = YES;
				CLANG_WARN_BLOCK_CAPTURE_AUTORELEASING = YES;
				CLANG_WARN_BOOL_CONVERSION = YES;
				CLANG_WARN_COMMA = YES;
				CLANG_WARN_CONSTANT_CONVERSION = YES;
				CLANG_WARN_DIRECT_OBJC_ISA_USAGE = YES_ERROR;
				CLANG_WARN_DOCUMENTATION_COMMENTS = YES;
				CLANG_WARN_EMPTY_BODY = YES;
				CLANG_WARN_ENUM_CONVERSION = YES;
				CLANG_WARN_INFINITE_RECURSION = YES;
				CLANG_WARN_INT_CONVERSION = YES;
				CLANG_WARN_NON_LITERAL_NULL_CONVERSION = YES;
				CLANG_WARN_OBJC_LITERAL_CONVERSION = YES;
				CLANG_WARN_OBJC_ROOT_CLASS = YES_ERROR;
				CLANG_WARN_RANGE_LOOP_ANALYSIS = YES;
				CLANG_WARN_STRICT_PROTOTYPES = YES;
				CLANG_WARN_SUSPICIOUS_MOVE = YES;
				CLANG_WARN_UNGUARDED_AVAILABILITY = YES_AGGRESSIVE;
				CLANG_WARN_UNREACHABLE_CODE = YES;
				CLANG_WARN__DUPLICATE_METHOD_MATCH = YES;
				CODE_SIGN_IDENTITY = "iPhone Developer";
				COPY_PHASE_STRIP = NO;
				DEBUG_INFORMATION_FORMAT = dwarf;
				ENABLE_STRICT_OBJC_MSGSEND = YES;
				ENABLE_TESTABILITY = YES;
				GCC_C_LANGUAGE_STANDARD = gnu11;
				GCC_DYNAMIC_NO_PIC = NO;
				GCC_NO_COMMON_BLOCKS = YES;
				GCC_OPTIMIZATION_LEVEL = 0;
				GCC_PREPROCESSOR_DEFINITIONS = (
					"DEBUG=1",
					"$(inherited)",
				);
				GCC_WARN_64_TO_32_BIT_CONVERSION = YES;
				GCC_WARN_ABOUT_RETURN_TYPE = YES_ERROR;
				GCC_WARN_UNDECLARED_SELECTOR = YES;
				GCC_WARN_UNINITIALIZED_AUTOS = YES_AGGRESSIVE;
				GCC_WARN_UNUSED_FUNCTION = YES;
				GCC_WARN_UNUSED_VARIABLE = YES;
				IPHONEOS_DEPLOYMENT_TARGET = 11.1;
				MTL_ENABLE_DEBUG_INFO = YES;
				ONLY_ACTIVE_ARCH = YES;
				SDKROOT = iphoneos;
			};
			name = Debug;
		};
		B3EB062A20633C91000F68AE /* Release */ = {
			isa = XCBuildConfiguration;
			buildSettings = {
				ALWAYS_SEARCH_USER_PATHS = NO;
				CLANG_ANALYZER_NONNULL = YES;
				CLANG_ANALYZER_NUMBER_OBJECT_CONVERSION = YES_AGGRESSIVE;
				CLANG_CXX_LANGUAGE_STANDARD = "gnu++14";
				CLANG_CXX_LIBRARY = "libc++";
				CLANG_ENABLE_MODULES = YES;
				CLANG_ENABLE_OBJC_ARC = YES;
				CLANG_WARN_BLOCK_CAPTURE_AUTORELEASING = YES;
				CLANG_WARN_BOOL_CONVERSION = YES;
				CLANG_WARN_COMMA = YES;
				CLANG_WARN_CONSTANT_CONVERSION = YES;
				CLANG_WARN_DIRECT_OBJC_ISA_USAGE = YES_ERROR;
				CLANG_WARN_DOCUMENTATION_COMMENTS = YES;
				CLANG_WARN_EMPTY_BODY = YES;
				CLANG_WARN_ENUM_CONVERSION = YES;
				CLANG_WARN_INFINITE_RECURSION = YES;
				CLANG_WARN_INT_CONVERSION = YES;
				CLANG_WARN_NON_LITERAL_NULL_CONVERSION = YES;
				CLANG_WARN_OBJC_LITERAL_CONVERSION = YES;
				CLANG_WARN_OBJC_ROOT_CLASS = YES_ERROR;
				CLANG_WARN_RANGE_LOOP_ANALYSIS = YES;
				CLANG_WARN_STRICT_PROTOTYPES = YES;
				CLANG_WARN_SUSPICIOUS_MOVE = YES;
				CLANG_WARN_UNGUARDED_AVAILABILITY = YES_AGGRESSIVE;
				CLANG_WARN_UNREACHABLE_CODE = YES;
				CLANG_WARN__DUPLICATE_METHOD_MATCH = YES;
				CODE_SIGN_IDENTITY = "iPhone Developer";
				COPY_PHASE_STRIP = NO;
				DEBUG_INFORMATION_FORMAT = "dwarf-with-dsym";
				ENABLE_NS_ASSERTIONS = NO;
				ENABLE_STRICT_OBJC_MSGSEND = YES;
				GCC_C_LANGUAGE_STANDARD = gnu11;
				GCC_NO_COMMON_BLOCKS = YES;
				GCC_WARN_64_TO_32_BIT_CONVERSION = YES;
				GCC_WARN_ABOUT_RETURN_TYPE = YES_ERROR;
				GCC_WARN_UNDECLARED_SELECTOR = YES;
				GCC_WARN_UNINITIALIZED_AUTOS = YES_AGGRESSIVE;
				GCC_WARN_UNUSED_FUNCTION = YES;
				GCC_WARN_UNUSED_VARIABLE = YES;
				IPHONEOS_DEPLOYMENT_TARGET = 11.1;
				MTL_ENABLE_DEBUG_INFO = NO;
				SDKROOT = iphoneos;
				VALIDATE_PRODUCT = YES;
			};
			name = Release;
		};
		B3EB062C20633C91000F68AE /* Debug */ = {
			isa = XCBuildConfiguration;
			buildSettings = {
				ASSETCATALOG_COMPILER_APPICON_NAME = AppIcon;
				CODE_SIGN_STYLE = Automatic;
				DEVELOPMENT_TEAM = XZB34ZWRFL;
				GCC_PREFIX_HEADER = MarvelHeroes/MSHPrefixHeader.pch;
				INFOPLIST_FILE = MarvelHeroes/Info.plist;
				IPHONEOS_DEPLOYMENT_TARGET = 8.0;
				LD_RUNPATH_SEARCH_PATHS = "$(inherited) @executable_path/Frameworks";
				PRODUCT_BUNDLE_IDENTIFIER = leoren.MarvelHeroes;
				PRODUCT_NAME = "$(TARGET_NAME)";
				TARGETED_DEVICE_FAMILY = "1,2";
			};
			name = Debug;
		};
		B3EB062D20633C91000F68AE /* Release */ = {
			isa = XCBuildConfiguration;
			buildSettings = {
				ASSETCATALOG_COMPILER_APPICON_NAME = AppIcon;
				CODE_SIGN_STYLE = Automatic;
				DEVELOPMENT_TEAM = XZB34ZWRFL;
				GCC_PREFIX_HEADER = MarvelHeroes/MSHPrefixHeader.pch;
				INFOPLIST_FILE = MarvelHeroes/Info.plist;
				IPHONEOS_DEPLOYMENT_TARGET = 8.0;
				LD_RUNPATH_SEARCH_PATHS = "$(inherited) @executable_path/Frameworks";
				PRODUCT_BUNDLE_IDENTIFIER = leoren.MarvelHeroes;
				PRODUCT_NAME = "$(TARGET_NAME)";
				TARGETED_DEVICE_FAMILY = "1,2";
			};
			name = Release;
		};
/* End XCBuildConfiguration section */

/* Begin XCConfigurationList section */
		B3EB061020633C91000F68AE /* Build configuration list for PBXProject "MarvelHeroes" */ = {
			isa = XCConfigurationList;
			buildConfigurations = (
				B3EB062920633C91000F68AE /* Debug */,
				B3EB062A20633C91000F68AE /* Release */,
			);
			defaultConfigurationIsVisible = 0;
			defaultConfigurationName = Release;
		};
		B3EB062B20633C91000F68AE /* Build configuration list for PBXNativeTarget "MarvelHeroes" */ = {
			isa = XCConfigurationList;
			buildConfigurations = (
				B3EB062C20633C91000F68AE /* Debug */,
				B3EB062D20633C91000F68AE /* Release */,
			);
			defaultConfigurationIsVisible = 0;
			defaultConfigurationName = Release;
		};
/* End XCConfigurationList section */
	};
	rootObject = B3EB060D20633C91000F68AE /* Project object */;
}
